{
  "version": 4,
  "terraform_version": "1.2.2",
  "serial": 7,
  "lineage": "f0bca607-9b90-4fc9-73d9-e8d39815a2e8",
  "outputs": {},
  "resources": [
    {
      "mode": "managed",
      "type": "aiven_kafka",
      "name": "kafka-cluster",
      "provider": "provider[\"registry.terraform.io/aiven/aiven\"]",
      "instances": [
        {
          "schema_version": 0,
          "attributes": {
            "cloud_name": "aws-us-east-1",
            "components": [
              {
                "component": "kafka",
                "host": "kafka-service-gabriel-sandbox.aivencloud.com",
                "kafka_authentication_method": "",
                "port": 28387,
                "route": "dynamic",
                "ssl": false,
                "usage": "primary"
              },
              {
                "component": "kafka",
                "host": "kafka-service-gabriel-sandbox.aivencloud.com",
                "kafka_authentication_method": "",
                "port": 28398,
                "route": "dynamic",
                "ssl": false,
                "usage": "primary"
              },
              {
                "component": "kafka_rest",
                "host": "kafka-service-gabriel-sandbox.aivencloud.com",
                "kafka_authentication_method": "",
                "port": 28389,
                "route": "dynamic",
                "ssl": false,
                "usage": "primary"
              },
              {
                "component": "kafka_rest",
                "host": "public-kafka-service-gabriel-sandbox.aivencloud.com",
                "kafka_authentication_method": "",
                "port": 28389,
                "route": "public",
                "ssl": false,
                "usage": "primary"
              },
              {
                "component": "schema_registry",
                "host": "kafka-service-gabriel-sandbox.aivencloud.com",
                "kafka_authentication_method": "",
                "port": 28390,
                "route": "dynamic",
                "ssl": false,
                "usage": "primary"
              }
            ],
            "default_acl": true,
            "disk_space": null,
            "disk_space_cap": "0B",
            "disk_space_default": "90GiB",
            "disk_space_step": "0B",
            "disk_space_used": "90GiB",
            "id": "gabriel-sandbox/kafka-service",
            "kafka": [
              {
                "access_cert": "-----BEGIN CERTIFICATE-----\nMIIEPzCCAqegAwIBAgIUefQ+kQPl04h8vtQN3gNhodGd5LwwDQYJKoZIhvcNAQEM\nBQAwOjE4MDYGA1UEAwwvYjcyNTZkZmEtNzUzYi00ZWQyLWE4NTEtNTViMWJkODAy\nZmZlIFByb2plY3QgQ0EwHhcNMjIwNjE1MTcwNzM3WhcNMjQwOTEyMTcwNzM3WjA+\nMRYwFAYDVQQKDA1rYWZrYS1zZXJ2aWNlMREwDwYDVQQLDAh1N2IxdTJ5ODERMA8G\nA1UEAwwIYXZuYWRtaW4wggGiMA0GCSqGSIb3DQEBAQUAA4IBjwAwggGKAoIBgQC7\n+WZveRCTwzfvc1NKRkOSk2dh33QO5KOiS2O63g0YjQrCXS03eHuppvfmw66MZAq1\nq3rxHpCESPyqPQjKKaPbxxfIIskH1Lpz9Mxfe1nbq4XqIVt9VtMo5h2vswQ/zed3\nUtZJ9bHf2VzK40JsJpbqL629E8zrDMtc0QE+fzeXwxxX8STfusL1qxRXTzts1s1X\nA72q/0Zpk33VxCNly4O1FEoHuTS8End9hbwEBfIGcmNjxPySw7Hp7WT8qFmPS9sg\nsmtclWJorPi/QX5pTWoaZ/k9mU/u1x8xAqhT3g8vRle3VIGqcNJzT09Kd3gcP1mE\nOsNyr2YJ/z4NKBKf52vsx8x+ulje8mp2qBSI2nJL7mCL9kYfTT9CBZecRZx+0mFn\nYoxQJf9LqiFH5Tjg63cLO7lCyMeZnWodVNPlaug+oscYdYB1f23uJPGqqT4xAKp0\nlOq28N/ghrdrWgPAWu8mAms2gN3PaiWa8XxewtyffAM7kIBNFrj4LEz020f0kI8C\nAwEAAaM5MDcwHQYDVR0OBBYEFOmch2MjwXuYWKcfqz5ZRWPymqQNMAkGA1UdEwQC\nMAAwCwYDVR0PBAQDAgWgMA0GCSqGSIb3DQEBDAUAA4IBgQBYxb+zsUn3DJj0pZrW\nMQ2or+Cfky8/oO2eK5W4aPO8lKQrIkhjpWplJ908JEfRhwAlm1FcTOYuaeKtJ01b\naDSxyACQk1h/KP1+6Q5Qs+UCyK1ERW7//cyR/t9vY0zJLi0iGXWSvDxrzBHaQqWB\nr+jI2S3jTsl5+ZBjC2SSSlyIvuHKT3Fsb+QRDECsBDileQ05sXJkuUiZcyGA5bqd\ne2lIubdLZGMt/xcQjfeU3lsjXTeZBb03c0I2xTKnzL2uy192nWNhqyiJingHJiAo\nzPMjYarSWwHiAdMOwZ/75Ef0qoLegCsNxLZXKfjwQ4lyZPizU0dP5Rf7+J8uznUY\nv/LwHpqEJL6nBdbTAJcwrMpj4ERPTLA6zz+saew9RxnqpVRIAEk9HgfR8MpAhEfi\nfqRllpLM1tjyzoIEXWLUzUGjOGtiaSO688TV3zpLPnBhEyxKEldXMwVIgk64IEJP\nrIPNbYuWBhx7U/a0kBNqfPLEIa2/x+txgBW4QhCTeWDvecE=\n-----END CERTIFICATE-----\n",
                "access_key": "-----BEGIN PRIVATE KEY-----\nMIIG/QIBADANBgkqhkiG9w0BAQEFAASCBucwggbjAgEAAoIBgQC7+WZveRCTwzfv\nc1NKRkOSk2dh33QO5KOiS2O63g0YjQrCXS03eHuppvfmw66MZAq1q3rxHpCESPyq\nPQjKKaPbxxfIIskH1Lpz9Mxfe1nbq4XqIVt9VtMo5h2vswQ/zed3UtZJ9bHf2VzK\n40JsJpbqL629E8zrDMtc0QE+fzeXwxxX8STfusL1qxRXTzts1s1XA72q/0Zpk33V\nxCNly4O1FEoHuTS8End9hbwEBfIGcmNjxPySw7Hp7WT8qFmPS9sgsmtclWJorPi/\nQX5pTWoaZ/k9mU/u1x8xAqhT3g8vRle3VIGqcNJzT09Kd3gcP1mEOsNyr2YJ/z4N\nKBKf52vsx8x+ulje8mp2qBSI2nJL7mCL9kYfTT9CBZecRZx+0mFnYoxQJf9LqiFH\n5Tjg63cLO7lCyMeZnWodVNPlaug+oscYdYB1f23uJPGqqT4xAKp0lOq28N/ghrdr\nWgPAWu8mAms2gN3PaiWa8XxewtyffAM7kIBNFrj4LEz020f0kI8CAwEAAQKCAYBU\nbQi4Cn0KkMS/tGF1W6ef3rqxN8aNpd1k2E17sZ3aKAbsEyNq5Z9NLGPtbngoMAqr\nW9CFGYA5Gfr5jx4yho9E99/TkOQPs1jnGcztGZ7bTeeAp+jKm8ONfAVbU6EV8yoB\n6t+6KjLw4lSN/5JmttJTboSvBoSkEYQJNQpFAqh6bjR9vx4bqmtEIcmqCTkcgkGJ\n0nFOqwb6BjefWk+3ubd3DhzN6T4pNnYal4VBnVX91USUm/YBCQoQkgIohIhtFtkX\n3wfgM2gqkfyZ9aEV6sEwfhBfoBQuzhgRjBcoVLfmxbMV0S9yR643qdTWwLtn2plZ\nxC39/wfzCNm6WwXs/5kejC0ttbeshGqckA4KkeczHd2sNrBiT6hq8CgsicsL3xvi\nbP3zCyTnkKZrvyjcCWEjr7jMzi6O9AO/FqqsBXixv2B/WHTc2/39brP1oun3D/ht\npIwmbwqBiQkjfr2kS2h5vv3Oc/L4rxaWA7K77clxtjl0EghEX3uxnvrAOYbbv6kC\ngcEA7bY0BKZBtHrAegxMniMOSSimtEm8CnebRQBlnf4s7n2jY5F/ei+jMHTtkr1b\nbj2Tpdd5rlWglzdG9bOWt1+JsHQuHl56T+9hDq6SF80DwOgvL4a5MQS/VpkgdRyv\nSrCufCrehe9QPC874Qt9o4fGc8+vp/BQwBNoUetxEiRujWxrRZhJIB8wzLESBHeo\nfMdyDgJk7/1JfhWQwGi7Ddnb2gFM3103KQc8mQnnPfAgGRlfwz6ClrM6405ktrOn\nTo0LAoHBAMpvmmtPEAXjENRO8AeljXVcJ5EJ5eGEnk2tHAxMizDGq6bTX88dg2uX\nCRSFOTFIBsxc3yxnJd90F5dL2Tyt/lfv/JoigirAJWBVMH3oRV7k9oHE9ba7+Uze\nujOobhtRP4v3tU3M5HRlj+oKqjWIqOcUikhy+WsoqaO7VRzVmQjnpcTjY6j3Hi6+\nmJCJ9+35F5TBGy9v6dZRXantDlSeRg1Pt+bYE/MwsMwIOZyPuMflHIgOz76eSNY3\nLhQ2/qCVDQKBwEtzo/s90mk49VNICCHBus0Z7CAZr2gbItu6DochoJ1qn6wBCNd9\nu2ysEKSdGiJZxT3EsUjWwQx+bTWb9WDrIEcz+VeGYYhx0PraCmEnn+NhT2jkeG/I\ns/sGy7igjDtG7XtYGB2nIm6YB4edIBoCBMnJyFWj/92Xy2sFMnSxv62AFmSWu89I\nVzMBmVh1qrNAk0FDHUrXuLYenj2UgJsa5Z/C/eWALvwE4gUpkY6lY2rUFQNiGg0/\ngpeX0Hv1dkuGlQKBwGlICaNthwPIx+Pi+erAKwWyW9GOuEPFWR9EvKWY2XsQmA03\nOUjaLJM0BcDqWIhM0VxPoLHTI1tHYU2KYPyx8OmDInh3IgNh0w56v7F7rzhfE+UB\nrljPAiT8YRKksj76znXY6i4ANYBjoakyyrr0zAMCJ7juMtGMYE2LDATnAaQj9Y6k\nRByICOZ+sZHab1sQhTcUBzNwnMidoHzTkPRpLD2YDCi+kAGWfRxf2raV+J/dhC0u\nptSYNYFTSV+yClMxsQKBwQCd5Ik3hPGUGfv9uajWpBp1Oo3ucvmBL537PQ9WoUkr\nNzCgcIb7i468aDnTkg0zNzY8zmiIi3Bnibu5Xb74Y6Y2saUNjX1BsbWbGrBhXv3C\n1A0I/YXpL6B6nginIUBHcFTsHbVw/1iNbKSrUPwHn9z4knwlcXVlkFAiz5lCtKVj\n91gtyByYtNn+6+faGcgCOGdwoWBhpJ5YTlFcWAjS/8mSFZ4C8vDmOpb2fODbGjvA\nciZcuruRo4NtAUNdu2U5Dj4=\n-----END PRIVATE KEY-----\n",
                "connect_uri": "",
                "rest_uri": "https://avnadmin:AVNS_M34PeTNRSJzd3yEcuve@kafka-service-gabriel-sandbox.aivencloud.com:28389",
                "schema_registry_uri": "https://avnadmin:AVNS_M34PeTNRSJzd3yEcuve@kafka-service-gabriel-sandbox.aivencloud.com:28390"
              }
            ],
            "kafka_user_config": [
              {
                "custom_domain": "",
                "ip_filter": [
                  "0.0.0.0/0"
                ],
                "kafka": [
                  {
                    "auto_create_topics_enable": "",
                    "compression_type": "",
                    "connections_max_idle_ms": "",
                    "default_replication_factor": "",
                    "group_initial_rebalance_delay_ms": "",
                    "group_max_session_timeout_ms": "70000",
                    "group_min_session_timeout_ms": "",
                    "log_cleaner_delete_retention_ms": "",
                    "log_cleaner_max_compaction_lag_ms": "",
                    "log_cleaner_min_cleanable_ratio": "",
                    "log_cleaner_min_compaction_lag_ms": "",
                    "log_cleanup_policy": "",
                    "log_flush_interval_messages": "",
                    "log_flush_interval_ms": "",
                    "log_index_interval_bytes": "",
                    "log_index_size_max_bytes": "",
                    "log_message_downconversion_enable": "",
                    "log_message_timestamp_difference_max_ms": "",
                    "log_message_timestamp_type": "",
                    "log_preallocate": "",
                    "log_retention_bytes": "1000000000",
                    "log_retention_hours": "",
                    "log_retention_ms": "",
                    "log_roll_jitter_ms": "",
                    "log_roll_ms": "",
                    "log_segment_bytes": "",
                    "log_segment_delete_delay_ms": "",
                    "max_connections_per_ip": "",
                    "max_incremental_fetch_session_cache_slots": "",
                    "message_max_bytes": "",
                    "min_insync_replicas": "",
                    "num_partitions": "",
                    "offsets_retention_minutes": "",
                    "producer_purgatory_purge_interval_requests": "",
                    "replica_fetch_max_bytes": "",
                    "replica_fetch_response_max_bytes": "",
                    "socket_request_max_bytes": "",
                    "transaction_remove_expired_transaction_cleanup_interval_ms": "",
                    "transaction_state_log_segment_bytes": ""
                  }
                ],
                "kafka_authentication_methods": [
                  {
                    "certificate": "true",
                    "sasl": "true"
                  }
                ],
                "kafka_connect": "false",
                "kafka_connect_config": [],
                "kafka_rest": "true",
                "kafka_rest_config": [],
                "kafka_version": "3.1",
                "private_access": [],
                "privatelink_access": [],
                "public_access": [
                  {
                    "kafka": "",
                    "kafka_connect": "",
                    "kafka_rest": "true",
                    "prometheus": "",
                    "schema_registry": ""
                  }
                ],
                "schema_registry": "true",
                "schema_registry_config": [],
                "static_ips": ""
              }
            ],
            "karapace": true,
            "maintenance_window_dow": "monday",
            "maintenance_window_time": "10:00:00",
            "plan": "startup-2",
            "project": "gabriel-sandbox",
            "project_vpc_id": null,
            "service_host": "kafka-service-gabriel-sandbox.aivencloud.com",
            "service_integrations": [],
            "service_name": "kafka-service",
            "service_password": "AVNS_M34PeTNRSJzd3yEcuve",
            "service_port": 28387,
            "service_type": "kafka",
            "service_uri": "kafka-service-gabriel-sandbox.aivencloud.com:28387",
            "service_username": "avnadmin",
            "state": "RUNNING",
            "static_ips": null,
            "termination_protection": false,
            "timeouts": null
          },
          "sensitive_attributes": [],
          "private": "eyJlMmJmYjczMC1lY2FhLTExZTYtOGY4OC0zNDM2M2JjN2M0YzAiOnsiY3JlYXRlIjoxMjAwMDAwMDAwMDAwLCJkZWxldGUiOjEyMDAwMDAwMDAwMDAsInVwZGF0ZSI6MTIwMDAwMDAwMDAwMH19"
        }
      ]
    },
    {
      "mode": "managed",
      "type": "aiven_kafka_acl",
      "name": "mytestacl",
      "provider": "provider[\"registry.terraform.io/aiven/aiven\"]",
      "instances": [
        {
          "schema_version": 0,
          "attributes": {
            "id": "gabriel-sandbox/kafka-service/acl3bd34969f56",
            "permission": "admin",
            "project": "gabriel-sandbox",
            "service_name": "kafka-service",
            "topic": "dev.*",
            "username": "dev"
          },
          "sensitive_attributes": [],
          "private": "bnVsbA==",
          "dependencies": [
            "aiven_kafka.kafka-cluster"
          ]
        }
      ]
    },
    {
      "mode": "managed",
      "type": "aiven_kafka_schema",
      "name": "order_schema",
      "provider": "provider[\"registry.terraform.io/aiven/aiven\"]",
      "instances": [
        {
          "schema_version": 0,
          "attributes": {
            "compatibility_level": "FORWARD",
            "id": "gabriel-sandbox/kafka-service/kafka-schema1",
            "project": "gabriel-sandbox",
            "schema": "{\"doc\": \"Sample schema to help you get started.\", \"fields\": [{\"doc\": \"The id of the order.\", \"name\": \"orderId\", \"type\": \"int\"}, {\"doc\": \"Timestamp of the order.\", \"name\": \"orderTime\", \"type\": \"int\"}, {\"doc\": \"The address of the order.\", \"name\": \"orderAddress\", \"type\": \"string\"}], \"name\": \"sampleRecord\", \"namespace\": \"com.mycorp.mynamespace\", \"type\": \"record\"}",
            "service_name": "kafka-service",
            "subject_name": "kafka-schema1",
            "version": 1
          },
          "sensitive_attributes": [],
          "private": "bnVsbA==",
          "dependencies": [
            "aiven_kafka.kafka-cluster"
          ]
        }
      ]
    },
    {
      "mode": "managed",
      "type": "aiven_kafka_topic",
      "name": "orders_topic",
      "provider": "provider[\"registry.terraform.io/aiven/aiven\"]",
      "instances": [
        {
          "schema_version": 0,
          "attributes": {
            "cleanup_policy": null,
            "config": [
              {
                "cleanup_policy": "compact,delete",
                "compression_type": "",
                "delete_retention_ms": "",
                "file_delete_delay_ms": "",
                "flush_messages": "",
                "flush_ms": "10",
                "index_interval_bytes": "",
                "max_compaction_lag_ms": "",
                "max_message_bytes": "",
                "message_downconversion_enable": "",
                "message_format_version": "",
                "message_timestamp_difference_max_ms": "",
                "message_timestamp_type": "",
                "min_cleanable_dirty_ratio": "",
                "min_compaction_lag_ms": "",
                "min_insync_replicas": "",
                "preallocate": "",
                "retention_bytes": "",
                "retention_ms": "",
                "segment_bytes": "",
                "segment_index_bytes": "",
                "segment_jitter_ms": "",
                "segment_ms": "",
                "unclean_leader_election_enable": "true"
              }
            ],
            "id": "gabriel-sandbox/kafka-service/orders",
            "minimum_in_sync_replicas": null,
            "partitions": 3,
            "project": "gabriel-sandbox",
            "replication": 3,
            "retention_bytes": null,
            "retention_hours": null,
            "service_name": "kafka-service",
            "tag": [],
            "termination_protection": true,
            "timeouts": {
              "create": "1m",
              "delete": null,
              "read": "5m"
            },
            "topic_name": "orders"
          },
          "sensitive_attributes": [],
          "private": "eyJlMmJmYjczMC1lY2FhLTExZTYtOGY4OC0zNDM2M2JjN2M0YzAiOnsiY3JlYXRlIjo2MDAwMDAwMDAwMCwiZGVsZXRlIjoxMjAwMDAwMDAwMDAsInJlYWQiOjMwMDAwMDAwMDAwMH19",
          "dependencies": [
            "aiven_kafka.kafka-cluster"
          ]
        }
      ]
    },
    {
      "mode": "managed",
      "type": "aiven_kafka_topic",
      "name": "transactions_topic",
      "provider": "provider[\"registry.terraform.io/aiven/aiven\"]",
      "instances": [
        {
          "schema_version": 0,
          "attributes": {
            "cleanup_policy": null,
            "config": [
              {
                "cleanup_policy": "compact,delete",
                "compression_type": "",
                "delete_retention_ms": "",
                "file_delete_delay_ms": "",
                "flush_messages": "",
                "flush_ms": "10",
                "index_interval_bytes": "",
                "max_compaction_lag_ms": "",
                "max_message_bytes": "",
                "message_downconversion_enable": "",
                "message_format_version": "",
                "message_timestamp_difference_max_ms": "",
                "message_timestamp_type": "",
                "min_cleanable_dirty_ratio": "",
                "min_compaction_lag_ms": "",
                "min_insync_replicas": "",
                "preallocate": "",
                "retention_bytes": "",
                "retention_ms": "",
                "segment_bytes": "",
                "segment_index_bytes": "",
                "segment_jitter_ms": "",
                "segment_ms": "",
                "unclean_leader_election_enable": "true"
              }
            ],
            "id": "gabriel-sandbox/kafka-service/transactions",
            "minimum_in_sync_replicas": null,
            "partitions": 3,
            "project": "gabriel-sandbox",
            "replication": 3,
            "retention_bytes": null,
            "retention_hours": null,
            "service_name": "kafka-service",
            "tag": [],
            "termination_protection": true,
            "timeouts": {
              "create": "1m",
              "delete": null,
              "read": "5m"
            },
            "topic_name": "transactions"
          },
          "sensitive_attributes": [],
          "private": "eyJlMmJmYjczMC1lY2FhLTExZTYtOGY4OC0zNDM2M2JjN2M0YzAiOnsiY3JlYXRlIjo2MDAwMDAwMDAwMCwiZGVsZXRlIjoxMjAwMDAwMDAwMDAsInJlYWQiOjMwMDAwMDAwMDAwMH19",
          "dependencies": [
            "aiven_kafka.kafka-cluster"
          ]
        }
      ]
    },
    {
      "mode": "managed",
      "type": "aiven_service_user",
      "name": "myserviceuser",
      "provider": "provider[\"registry.terraform.io/aiven/aiven\"]",
      "instances": [
        {
          "schema_version": 0,
          "attributes": {
            "access_cert": "-----BEGIN CERTIFICATE-----\nMIIERTCCAq2gAwIBAgIUX5X45IvqRnkRQ76d9wVFc6ArIWUwDQYJKoZIhvcNAQEM\nBQAwOjE4MDYGA1UEAwwvYjcyNTZkZmEtNzUzYi00ZWQyLWE4NTEtNTViMWJkODAy\nZmZlIFByb2plY3QgQ0EwHhcNMjIwNjE1MTcxMjU1WhcNMjQwOTEyMTcxMjU1WjBE\nMRYwFAYDVQQKDA1rYWZrYS1zZXJ2aWNlMREwDwYDVQQLDAh1MW85eDRsMTEXMBUG\nA1UEAwwOZGV2LnNhLmdhYnJpZWwwggGiMA0GCSqGSIb3DQEBAQUAA4IBjwAwggGK\nAoIBgQC7uSLD9Hmj01VHBKwf3gBvR3duPfhQvJ8FAXwhmXgKG6/3CRsYqGU8RuIV\n6FyHfsanSA9n6BEvRth1NCPdnQE8nU51uK6+xEipoZudz7NMbrW6piIZ64+t5Zko\nTcZ0lpgAMtnal3RqaEN8+S2brLM7815q1iCXewHwtXEB0320f205PPe7j+9kMgFM\ngHIb5+ahW8bl2vCQ06cPjuXStZM4pEDZKcI0v+k2WoX+p6lju9OhXekMKfjZ4Bay\n4gwRrPx9WYk4VH7KxfIU8ofW1yZtyx1bpdxvz9j5ZdsdDevNryi7tR7OxkZPaFsP\ngPIbzHwy4qP0mjB0yrNfsHM7+cG0feJkgwiMoUx8aNr/yAOIw6cdF17Iq2WBmV34\nqjizUOdM0HfApRePCb6z/Wkd40xChCO4ZiqzbOMau9MrcSasUX6wn3AIYzxGQOym\n39ZHJZdcyiR1YD9vsY3DSPHKKXgm4RM2ZCrVkbkifKmjalHOdvaPK+vTOdXiLj6b\nk1eUYWcCAwEAAaM5MDcwHQYDVR0OBBYEFK5iATk2PCFG1xAhArSz0HFkOhDUMAkG\nA1UdEwQCMAAwCwYDVR0PBAQDAgWgMA0GCSqGSIb3DQEBDAUAA4IBgQCdDyk3UYGq\n6hNnCNe4R56ZCI8P7RP0N35PuIU1sbGO1THQ5aEAek16TDRaZI9MeLgsKX7wevIb\nmrgcA1VIFLigzeY3+XGg7xpzvO2uoW68eSMwv95vh5eBCD7lUL2XbjS8fObgZHLo\nNnUgg6PPnfhoYNwFQJ/9Ag4ghkQ/ZeLMT5ylI/3sJFj9FsekiqKdXUf5SNcqKHm9\n1V+Xf1E1Igmk0PR/WRFHIkmUdEXhBk1hbyrI+Li9rjZAAABcRIn/Lv93Of8iU0e9\nQ0S0v6ZK1BxoqjqN+bevvnPRBK5xUug+6pGkksySUjqUU7VVcIlmZPehidi/uSWK\nG1Fqh9GSxqzrkLzMIYVNUN/L0EwULcU8maJqG8x9wbcJBfdr1fBxQGjEckHci8OM\nbrwziBYaq1lDhH6dqqCT7+06X212JeGZvVnuLB9psk1SgjaaSn76naejJWjSCXMb\na5+8V2c61iO4Zk0JzXivAf1cyIEbz4GjIzyc73LkTnO6f0swbdd+VgU=\n-----END CERTIFICATE-----\n",
            "access_key": "-----BEGIN PRIVATE KEY-----\nMIIG/wIBADANBgkqhkiG9w0BAQEFAASCBukwggblAgEAAoIBgQC7uSLD9Hmj01VH\nBKwf3gBvR3duPfhQvJ8FAXwhmXgKG6/3CRsYqGU8RuIV6FyHfsanSA9n6BEvRth1\nNCPdnQE8nU51uK6+xEipoZudz7NMbrW6piIZ64+t5ZkoTcZ0lpgAMtnal3RqaEN8\n+S2brLM7815q1iCXewHwtXEB0320f205PPe7j+9kMgFMgHIb5+ahW8bl2vCQ06cP\njuXStZM4pEDZKcI0v+k2WoX+p6lju9OhXekMKfjZ4Bay4gwRrPx9WYk4VH7KxfIU\n8ofW1yZtyx1bpdxvz9j5ZdsdDevNryi7tR7OxkZPaFsPgPIbzHwy4qP0mjB0yrNf\nsHM7+cG0feJkgwiMoUx8aNr/yAOIw6cdF17Iq2WBmV34qjizUOdM0HfApRePCb6z\n/Wkd40xChCO4ZiqzbOMau9MrcSasUX6wn3AIYzxGQOym39ZHJZdcyiR1YD9vsY3D\nSPHKKXgm4RM2ZCrVkbkifKmjalHOdvaPK+vTOdXiLj6bk1eUYWcCAwEAAQKCAYEA\ngx4BwVqt55aBltQVoUB/jzocmhygp0vHykhKOnGmHXFPS73JdkSQSTS9T0336w/K\nkybK0+mMrzfNkrdzYaP7LCo3lhQDwez5T7o4JlbfRkCBoDfP08jrlyup+TOxrNdO\nnbzm2z40KupeURj+GSDcI8CNrxOWuhdJuKYSo5Lj10G1uWfzJMeZDqO6soN4sDMe\nrI+c8gklRBMBOeW2cqEujj5zqPr40b1FmBhMRR04PBgB7lDYqQ1b6loRoKowgdwP\nYLRxFhUE4++A7fRY1cxcahxWC+KMu1GIiIjzH+EG1BLq/r0ygVw9FlrSM7Uh8j5z\nZVro2enudqLrUQ1WbsLUItrrtv5Z7gmw/NKvH8lbexBtNf1wrV7mqNcpgrXFO3v8\n8VqqjgUIhwixDcpZansYLftZ0tpYMds6+vRoizEmZdQRa8tYM63jH0JZMc4S0aqU\nuu8WSgjLQeAnsuhpHvwF9bxASaLUiMX/br34IQFBaoU/Ie5QcDU1dEo5/8qOcg8J\nAoHBAOVsy7U0PmDch42cPRoJl34VfUPeRUk7cDpOPVHHNRbg/4DBuizvBPBGwHQ2\nf9QGSkAccgjVW98ecVbCuGzJmJZ0wrZR+uFLyyJJWhw2KCpcY4ToJmXiuvBKxX17\nEBiIND3vywvtFcjvPJmxxSZTLLOJe7Z0N0UVomxZY/yE/XGC8/4VLveSf4uhE7xY\nr2D+bRWWmLCWVA9svfczuumqyMOSdEIgQ95TCPfixKKVBhGAy9pBC62YBThkkPVF\nFUUJXQKBwQDRd76tmdnfyMMIvffdr6oz/wV6ucdndpiS4VkUPd4vlurQQSxYbbcl\n2kdbs44eOvhUQyBWwvdJ+xowHiLl0d7TzhuU4Rdaeozi+xFy3wKy74UagSitadrw\ncAr3qu8J8kFl+oHaEAw4a4tJ4tFYm6g0/d4UvxSiDCDoo+GjNHmt0i/Oxc3MCwNP\n4caPeUjTNW35LL/vf66XnE9UcimqQd2/AHKjpcyayRYdZ/FBuL5QfWzVERIeiu00\ndogsd+lC9ZMCgcAPLO4gk08Y+x1gSZhlE4NYzLUXeylcGblnsesucJ3bYJCmBKp6\n9GiAOD3csgosjSn2KauFWA+Wp53ZnlGyqHcWZKzIgI22v1u1beKvAQoRG0Fd9jkr\n/h5dbKS5kx1Schf6jNUCefE59FEu3WpsCY5oZcywGenaAP9YaWVKu8VD7+SRxvbv\nW1picwoqKDeZk9rFVcvNynPO/WNnaZ2QfUKAZTyZbybuGtH6C570HiVjnQBe9HSA\nTBD0VPqdrq8kfOUCgcEAyEDQXCsfrd/DBVKH6roL39XIqUF+rx0kVBd4D+/twFVp\ne1szR/7r/xYk7jhEgAYkbnoWKpwNyf5zVNkax9fSTW9X0wc2Sluq4Tzhu44UiHiQ\nKXydJNx0YTTcZ1ZVXI7rktDg31ZEOJQn/6UGOs3lC3RAoljjIuCxfXdfOaXrRhAR\ngH5+drl4mx/fsj5jLvh/gJ4ViKPqiCr5dGQIDSsXEYkeD/FsH/ZqXAaJESnLWCvw\npenCBs0OZP+Ew+6HZGpdAoHBAIIfFc0SAK37l081Doc2ZWfarlYCoG0QDgTav8gb\ndb//wQfuQi46Mu+HQZwJlak/Zhdx2ZFIM2jtj/tpPIR4xeou4FVIfzEPVXS0ZTQy\nyVomfVbQfxzZM/AE+mMEbAcRj4OC1ZcCpwwngSrCIZpngrMR7Al08iC3/LGeZy3N\n4bYWliXH4wMxKNWbxUGCqv7aRquko72SRx4lDtRWBemaE7q/boxUWQ8VD8JXqgrP\nMfzLw7IhueeZtY4kTp9lTqkweA==\n-----END PRIVATE KEY-----\n",
            "authentication": null,
            "id": "gabriel-sandbox/kafka-service/dev.sa.gabriel",
            "password": "AVNS_V3PFbAjLuxIKlcrFWhC",
            "pg_allow_replication": false,
            "project": "gabriel-sandbox",
            "redis_acl_categories": null,
            "redis_acl_channels": null,
            "redis_acl_commands": null,
            "redis_acl_keys": null,
            "service_name": "kafka-service",
            "type": "normal",
            "username": "dev.sa.gabriel"
          },
          "sensitive_attributes": [],
          "private": "bnVsbA==",
          "dependencies": [
            "aiven_kafka.kafka-cluster"
          ]
        }
      ]
    }
  ]
}
